# THIS IS AN AUTOGENERATED FILE. DO NOT EDIT THIS FILE DIRECTLY.
# yarn lockfile v1


eslist@^1.0.0-beta.1:
  version "1.0.0-beta.1"
  resolved "https://registry.yarnpkg.com/eslist/-/eslist-1.0.0-beta.1.tgz#68a511ef91d683a1dd7782540089b42e7f89cf55"
  integrity sha512-E62RN0l1yuH9O/RRdnB+MYTqB9/oPIc+0Y6N5HMzwTQJ1T4uAdGQS0S97E8UGsT/hCncv0NduaJztsnRRGkpVw==
